// !$*UTF8*$!
{
	archiveVersion = 1;
	classes = {
	};
	objectVersion = 77;
	objects = {

/* Begin PBXBuildFile section */
		034670B96146CB5BF127C1D5 /* SearchResultsUITests.swift in Sources */ = {isa = PBXBuildFile; fileRef = A4CACC6E4508D801242CFEE9 /* SearchResultsUITests.swift */; };
		05CD5E283916051DFB996ADB /* SearchRuleRowView.swift in Sources */ = {isa = PBXBuildFile; fileRef = D8BB3C940AFED69873C36D4C /* SearchRuleRowView.swift */; };
		06DAFD96E2CAB50331F3F50A /* MMKV in Frameworks */ = {isa = PBXBuildFile; productRef = 63D15AD2E30CCCB256F247EA /* MMKV */; };
		09CB98F7F5F4D4C3B813F1EB /* SavedSearchStoreTests.swift in Sources */ = {isa = PBXBuildFile; fileRef = D4A0FF428CCCAD9BEC5AE145 /* SavedSearchStoreTests.swift */; };
		0D6C650D92152F7221486541 /* LocalizationController.swift in Sources */ = {isa = PBXBuildFile; fileRef = D86C1152C112901AD34F8CC6 /* LocalizationController.swift */; };
		14E18B1B2AA1EB2390CAAA4D /* AppearancePreferencesViewController.swift in Sources */ = {isa = PBXBuildFile; fileRef = 7EF11B8D74E0AC0AED84A20D /* AppearancePreferencesViewController.swift */; };
		1535D5C84FBDD6F6CD75682C /* AppDelegate.swift in Sources */ = {isa = PBXBuildFile; fileRef = 50D0A48861A21373DC250CB7 /* AppDelegate.swift */; };
		158DE26136088830700C4995 /* PrivilegedSearchService.swift in Sources */ = {isa = PBXBuildFile; fileRef = 32DD8B5150B2D2CDFD773081 /* PrivilegedSearchService.swift */; };
		16CA3F229B52E33585E757A2 /* SearchRulesViewController.swift in Sources */ = {isa = PBXBuildFile; fileRef = B5B21AD7D10D05F4D85F5D47 /* SearchRulesViewController.swift */; };
		16FDAA1B39724DF0AD900BDA /* ApplicationMain.swift in Sources */ = {isa = PBXBuildFile; fileRef = DEDA685C3750E248EE75FD16 /* ApplicationMain.swift */; };
		1A2D0376E1837A39DC29FEC4 /* PermissionGuidanceCoordinator.swift in Sources */ = {isa = PBXBuildFile; fileRef = 1A7BE0110117689866110862 /* PermissionGuidanceCoordinator.swift */; };
		1AE034117579A5D1C258D9BC /* SearchQuery.swift in Sources */ = {isa = PBXBuildFile; fileRef = FA2951497A038EAC135D133D /* SearchQuery.swift */; };
		1C3C07491C775799E0EF8300 /* AppShellUITests.swift in Sources */ = {isa = PBXBuildFile; fileRef = 10D566A160E55F5079F322E5 /* AppShellUITests.swift */; };
		1CF0089C56D7F5100B35D7D1 /* FileHoundUITests.swift in Sources */ = {isa = PBXBuildFile; fileRef = BE309A5CE1A213F8626DABDB /* FileHoundUITests.swift */; };
		238F68EF239D995C2C51D80E /* SnapKit in Frameworks */ = {isa = PBXBuildFile; productRef = 584CCAD5BE12E3035F5B2176 /* SnapKit */; };
		28224DE2379AC287D86D9E6D /* SearchPlan.swift in Sources */ = {isa = PBXBuildFile; fileRef = 8D32D718007D2229668D82AD /* SearchPlan.swift */; };
		2B71E0321D58964F4C665115 /* PreferencesUITests.swift in Sources */ = {isa = PBXBuildFile; fileRef = FA8F0FD441B29CD521E53CED /* PreferencesUITests.swift */; };
		2ED17CC3EB9C044D29F455D0 /* LocalizationUITests.swift in Sources */ = {isa = PBXBuildFile; fileRef = C5CC26E668D8A3B91B90FDF2 /* LocalizationUITests.swift */; };
		36544ADC528FAC332BD3DECA /* MetadataEvaluator.swift in Sources */ = {isa = PBXBuildFile; fileRef = C514D15DF8B734D7FEA095B4 /* MetadataEvaluator.swift */; };
		3946F29B4B84621D2F6BE417 /* SearchResultsViewController.swift in Sources */ = {isa = PBXBuildFile; fileRef = F02D386164FDEBD4FCAFB0DC /* SearchResultsViewController.swift */; };
		428D4E5D78D69EA9964D2ACF /* SearchSession.swift in Sources */ = {isa = PBXBuildFile; fileRef = 233D1EF55ED9F49A465459E7 /* SearchSession.swift */; };
		48F3B1B01B1A11CE248E9CCD /* L10n.swift in Sources */ = {isa = PBXBuildFile; fileRef = 9B9771C1E6520696B0AAD015 /* L10n.swift */; };
		5123919786F94F343B4708D0 /* SearchResultsViewModelTests.swift in Sources */ = {isa = PBXBuildFile; fileRef = E5EACD935E77E99649BFDC5B /* SearchResultsViewModelTests.swift */; };
		51E9BF1E14AB16AC5FF40BB1 /* SearchWindowController.swift in Sources */ = {isa = PBXBuildFile; fileRef = 2CAA1D76B13C3322CBDBA4D8 /* SearchWindowController.swift */; };
		5A0754BDC36864A027E81076 /* SearchResultsWindowController.swift in Sources */ = {isa = PBXBuildFile; fileRef = 39503E86A4D81047DC45CD4C /* SearchResultsWindowController.swift */; };
		5A4A6E58B1DF0A6A7FC49AD2 /* SearchResultsViewModel.swift in Sources */ = {isa = PBXBuildFile; fileRef = 6B77AD9DE4A4358A03AE524C /* SearchResultsViewModel.swift */; };
		6A7C04BCA40CEE6B137A7D92 /* UpdatePreferencesViewController.swift in Sources */ = {isa = PBXBuildFile; fileRef = 08D1FEB9F6E319784E4A322D /* UpdatePreferencesViewController.swift */; };
		70045AA87A1A7E0BEE833CD6 /* AppLanguage.swift in Sources */ = {isa = PBXBuildFile; fileRef = 7322A6060AB237975D245B4B /* AppLanguage.swift */; };
		78BE86A2358D98F5FC1BA92F /* ContentMatcherTests.swift in Sources */ = {isa = PBXBuildFile; fileRef = 064118F67E84C3BFE346ADA0 /* ContentMatcherTests.swift */; };
		79170FA8F16B08950E904401 /* DirectoryWalker.swift in Sources */ = {isa = PBXBuildFile; fileRef = 3DEA9F492802D3E305395461 /* DirectoryWalker.swift */; };
		854DE347F6790D52613118D3 /* SavedSearchSidebarViewController.swift in Sources */ = {isa = PBXBuildFile; fileRef = 45361F864EB065A548118D1F /* SavedSearchSidebarViewController.swift */; };
		8CE1DCF22F9C93B1D82B2081 /* PrivilegedFilesystemProvider.swift in Sources */ = {isa = PBXBuildFile; fileRef = D4BDF8D17887B5A95D1FCA55 /* PrivilegedFilesystemProvider.swift */; };
		8F5320698BDB794D0C5A5B46 /* SearchPlanBuilderTests.swift in Sources */ = {isa = PBXBuildFile; fileRef = F5AF9B28B9C80F9AF4EC8D02 /* SearchPlanBuilderTests.swift */; };
		90AA3654390F4E3CA706F803 /* QueryCompiler.swift in Sources */ = {isa = PBXBuildFile; fileRef = FB60A6B6F7A30E3D3E761051 /* QueryCompiler.swift */; };
		9E8975D01A0C53A232FF18A4 /* FileHoundTests.swift in Sources */ = {isa = PBXBuildFile; fileRef = DF23B4AD79B6466B352CF452 /* FileHoundTests.swift */; };
		9E8E4C78866ADFE257596082 /* SearchPreferencesViewController.swift in Sources */ = {isa = PBXBuildFile; fileRef = 49334770FFAFF93E6513802B /* SearchPreferencesViewController.swift */; };
		9FB8739586460F0198CA6538 /* Sparkle in Frameworks */ = {isa = PBXBuildFile; productRef = 40658B17A939918CAC9F2285 /* Sparkle */; };
		9FEAB67B569D6C392F93EFF3 /* main.swift in Sources */ = {isa = PBXBuildFile; fileRef = 4E818B3D9455550E94E23AEB /* main.swift */; };
		A044A60CF0F5AE126A50068D /* PermissionsPreferencesViewController.swift in Sources */ = {isa = PBXBuildFile; fileRef = 1ADF6F5A640F0F628BC18813 /* PermissionsPreferencesViewController.swift */; };
		A28B691797BA0F0A0ABE9022 /* SearchWindowState.swift in Sources */ = {isa = PBXBuildFile; fileRef = C703F6487BA7CA2B57233671 /* SearchWindowState.swift */; };
		A5835513CC29E9D11EA3EF61 /* FilesystemAccessProviding.swift in Sources */ = {isa = PBXBuildFile; fileRef = F57D52D99A5F7F37A000BE9A /* FilesystemAccessProviding.swift */; };
		A92FBC27A6221197F09BF548 /* SearchSplitViewController.swift in Sources */ = {isa = PBXBuildFile; fileRef = 00740F383C06B7C832EDFA76 /* SearchSplitViewController.swift */; };
		AAAA1EE5284E5D1AD64DC05C /* Assets.xcassets in Resources */ = {isa = PBXBuildFile; fileRef = 4DA6779D3010941E92766274 /* Assets.xcassets */; };
		B7A6103622BDA33DA33318EE /* HelperProtocol.swift in Sources */ = {isa = PBXBuildFile; fileRef = 114A3CC8BCFC1AC1D0B8B973 /* HelperProtocol.swift */; };
		BAD1F0FCE5B04312E65A2FDB /* PermissionStateTests.swift in Sources */ = {isa = PBXBuildFile; fileRef = D626C293047FE0C90F28E82C /* PermissionStateTests.swift */; };
		BEA9AD6EECF33E73783AF005 /* SavedSearchStore.swift in Sources */ = {isa = PBXBuildFile; fileRef = 01329F6D9901D50847ADEC14 /* SavedSearchStore.swift */; };
		BEE3473A1D89066ADB6E630F /* ContentMatcher.swift in Sources */ = {isa = PBXBuildFile; fileRef = 2506011B8A2D8F049951A148 /* ContentMatcher.swift */; };
		C0ABAD9CFF0EEFF3831EB395 /* FileHoundUITestsLaunchTests.swift in Sources */ = {isa = PBXBuildFile; fileRef = C6F692B2E4BE81E9A7C4304B /* FileHoundUITestsLaunchTests.swift */; };
		C0EDA9822991AE15D7F82484 /* PreviewPanelViewController.swift in Sources */ = {isa = PBXBuildFile; fileRef = A07E5D6ECFA65C552FB2051D /* PreviewPanelViewController.swift */; };
		C5BAB602C99DC01CDE9896F9 /* DirectoryWalkerTests.swift in Sources */ = {isa = PBXBuildFile; fileRef = 0A4CBA719314F461F4E4C31D /* DirectoryWalkerTests.swift */; };
		C64A00E7A36F221B4A8CE176 /* SearchPlanBuilder.swift in Sources */ = {isa = PBXBuildFile; fileRef = 8A90F4E78DA7D4D5DC395DF7 /* SearchPlanBuilder.swift */; };
		CFC72D5029BD64070970DF57 /* SearchSessionTests.swift in Sources */ = {isa = PBXBuildFile; fileRef = 947EF1E39D1E6484403DD72A /* SearchSessionTests.swift */; };
		D06C7406DE458B1DA964DC8A /* AppTheme.swift in Sources */ = {isa = PBXBuildFile; fileRef = 30BB21AE0D140F9289272CB6 /* AppTheme.swift */; };
		D122775DD7A2B69E3F082423 /* QueryRule.swift in Sources */ = {isa = PBXBuildFile; fileRef = 6F1B749CECAB816AE0AD7C00 /* QueryRule.swift */; };
		DB66549B8275F277329E3921 /* UpdatePreferencesSmokeTests.swift in Sources */ = {isa = PBXBuildFile; fileRef = 596890AB594A7F997825FDE5 /* UpdatePreferencesSmokeTests.swift */; };
		DF429A833B622102F9B84343 /* MainMenuBuilder.swift in Sources */ = {isa = PBXBuildFile; fileRef = C8D9B94B38D425945A72BD39 /* MainMenuBuilder.swift */; };
		DF6236E4A4D8AD413177EAA4 /* LocalFilesystemProvider.swift in Sources */ = {isa = PBXBuildFile; fileRef = 932D57336FC454C25222E272 /* LocalFilesystemProvider.swift */; };
		E77AA257BDCF1257C5719B0A /* AppSettings.swift in Sources */ = {isa = PBXBuildFile; fileRef = AC8D31003CBA719AB8444DB2 /* AppSettings.swift */; };
		E880A721F079D51FDEFFF8E8 /* QueryCompilerTests.swift in Sources */ = {isa = PBXBuildFile; fileRef = 20CBCE4E22AC571CAA07D753 /* QueryCompilerTests.swift */; };
		F06C32B7EB5B6883E9542C9F /* UpdateManager.swift in Sources */ = {isa = PBXBuildFile; fileRef = 094CDD3713CE9D7CB4B742C6 /* UpdateManager.swift */; };
		F0705A95DD80DC1A4A2C5014 /* Localizable.strings in Resources */ = {isa = PBXBuildFile; fileRef = 2F3811B89489632B5FC48056 /* Localizable.strings */; };
		F0DCE3DD4C2DE1E0A2CE3C64 /* TemporaryFixtureTree.swift in Sources */ = {isa = PBXBuildFile; fileRef = 564B4FB292769D5B08EA2130 /* TemporaryFixtureTree.swift */; };
		F37A0E052328DAAB050E6EEA /* ResultsTableViewController.swift in Sources */ = {isa = PBXBuildFile; fileRef = 4D0A8AC22615E407458B0A73 /* ResultsTableViewController.swift */; };
		F4B2F21A80B3DF5243602530 /* SearchWindowStateTests.swift in Sources */ = {isa = PBXBuildFile; fileRef = 19FCD700568C35533CBD8B23 /* SearchWindowStateTests.swift */; };
		F4F6D70C44CF17E7B653F2E8 /* ThemeController.swift in Sources */ = {isa = PBXBuildFile; fileRef = 1CF5B941185AE10322A03C74 /* ThemeController.swift */; };
		F948C800F74BEBE3CC43D0CF /* ResultsOutlineViewController.swift in Sources */ = {isa = PBXBuildFile; fileRef = 8B16D8505E7337ECBED39880 /* ResultsOutlineViewController.swift */; };
		FCABC41A1EED6A78A52EE62C /* SearchResultItem.swift in Sources */ = {isa = PBXBuildFile; fileRef = 48ADE2FFF952A0EBD95D7F29 /* SearchResultItem.swift */; };
		FDE0457D765F9D84A3AFF972 /* PreferencesWindowController.swift in Sources */ = {isa = PBXBuildFile; fileRef = 3B50F28DA50D9DD65115648E /* PreferencesWindowController.swift */; };
/* End PBXBuildFile section */

/* Begin PBXContainerItemProxy section */
		608B26B22D4E9D7B9F91FFE2 /* PBXContainerItemProxy */ = {
			isa = PBXContainerItemProxy;
			containerPortal = 8B33FB88648DF7E4CA06F98D /* Project object */;
			proxyType = 1;
			remoteGlobalIDString = ABDDBFA76A03F4EB53DBDE50;
			remoteInfo = FileHound;
		};
		9463D7622C8930B484AAEA92 /* PBXContainerItemProxy */ = {
			isa = PBXContainerItemProxy;
			containerPortal = 8B33FB88648DF7E4CA06F98D /* Project object */;
			proxyType = 1;
			remoteGlobalIDString = ABDDBFA76A03F4EB53DBDE50;
			remoteInfo = FileHound;
		};
/* End PBXContainerItemProxy section */

/* Begin PBXFileReference section */
		00740F383C06B7C832EDFA76 /* SearchSplitViewController.swift */ = {isa = PBXFileReference; lastKnownFileType = sourcecode.swift; path = SearchSplitViewController.swift; sourceTree = "<group>"; };
		01329F6D9901D50847ADEC14 /* SavedSearchStore.swift */ = {isa = PBXFileReference; lastKnownFileType = sourcecode.swift; path = SavedSearchStore.swift; sourceTree = "<group>"; };
		064118F67E84C3BFE346ADA0 /* ContentMatcherTests.swift */ = {isa = PBXFileReference; lastKnownFileType = sourcecode.swift; path = ContentMatcherTests.swift; sourceTree = "<group>"; };
		06B5635287B4B5EE4C97CB7E /* FileHoundHelper.entitlements */ = {isa = PBXFileReference; lastKnownFileType = text.plist.entitlements; path = FileHoundHelper.entitlements; sourceTree = "<group>"; };
		08D1FEB9F6E319784E4A322D /* UpdatePreferencesViewController.swift */ = {isa = PBXFileReference; lastKnownFileType = sourcecode.swift; path = UpdatePreferencesViewController.swift; sourceTree = "<group>"; };
		094CDD3713CE9D7CB4B742C6 /* UpdateManager.swift */ = {isa = PBXFileReference; lastKnownFileType = sourcecode.swift; path = UpdateManager.swift; sourceTree = "<group>"; };
		0A4CBA719314F461F4E4C31D /* DirectoryWalkerTests.swift */ = {isa = PBXFileReference; lastKnownFileType = sourcecode.swift; path = DirectoryWalkerTests.swift; sourceTree = "<group>"; };
		10D566A160E55F5079F322E5 /* AppShellUITests.swift */ = {isa = PBXFileReference; lastKnownFileType = sourcecode.swift; path = AppShellUITests.swift; sourceTree = "<group>"; };
		114A3CC8BCFC1AC1D0B8B973 /* HelperProtocol.swift */ = {isa = PBXFileReference; lastKnownFileType = sourcecode.swift; path = HelperProtocol.swift; sourceTree = "<group>"; };
		19FCD700568C35533CBD8B23 /* SearchWindowStateTests.swift */ = {isa = PBXFileReference; lastKnownFileType = sourcecode.swift; path = SearchWindowStateTests.swift; sourceTree = "<group>"; };
		1A7BE0110117689866110862 /* PermissionGuidanceCoordinator.swift */ = {isa = PBXFileReference; lastKnownFileType = sourcecode.swift; path = PermissionGuidanceCoordinator.swift; sourceTree = "<group>"; };
		1ADF6F5A640F0F628BC18813 /* PermissionsPreferencesViewController.swift */ = {isa = PBXFileReference; lastKnownFileType = sourcecode.swift; path = PermissionsPreferencesViewController.swift; sourceTree = "<group>"; };
		1CF5B941185AE10322A03C74 /* ThemeController.swift */ = {isa = PBXFileReference; lastKnownFileType = sourcecode.swift; path = ThemeController.swift; sourceTree = "<group>"; };
		20CBCE4E22AC571CAA07D753 /* QueryCompilerTests.swift */ = {isa = PBXFileReference; lastKnownFileType = sourcecode.swift; path = QueryCompilerTests.swift; sourceTree = "<group>"; };
		233D1EF55ED9F49A465459E7 /* SearchSession.swift */ = {isa = PBXFileReference; lastKnownFileType = sourcecode.swift; path = SearchSession.swift; sourceTree = "<group>"; };
		2506011B8A2D8F049951A148 /* ContentMatcher.swift */ = {isa = PBXFileReference; lastKnownFileType = sourcecode.swift; path = ContentMatcher.swift; sourceTree = "<group>"; };
		2CAA1D76B13C3322CBDBA4D8 /* SearchWindowController.swift */ = {isa = PBXFileReference; lastKnownFileType = sourcecode.swift; path = SearchWindowController.swift; sourceTree = "<group>"; };
		30BB21AE0D140F9289272CB6 /* AppTheme.swift */ = {isa = PBXFileReference; lastKnownFileType = sourcecode.swift; path = AppTheme.swift; sourceTree = "<group>"; };
		32DD8B5150B2D2CDFD773081 /* PrivilegedSearchService.swift */ = {isa = PBXFileReference; lastKnownFileType = sourcecode.swift; path = PrivilegedSearchService.swift; sourceTree = "<group>"; };
		39503E86A4D81047DC45CD4C /* SearchResultsWindowController.swift */ = {isa = PBXFileReference; lastKnownFileType = sourcecode.swift; path = SearchResultsWindowController.swift; sourceTree = "<group>"; };
		3B50F28DA50D9DD65115648E /* PreferencesWindowController.swift */ = {isa = PBXFileReference; lastKnownFileType = sourcecode.swift; path = PreferencesWindowController.swift; sourceTree = "<group>"; };
		3DEA9F492802D3E305395461 /* DirectoryWalker.swift */ = {isa = PBXFileReference; lastKnownFileType = sourcecode.swift; path = DirectoryWalker.swift; sourceTree = "<group>"; };
		3E091BC05621A3E82813A75C /* zh-Hans */ = {isa = PBXFileReference; lastKnownFileType = text.plist.strings; name = "zh-Hans"; path = "zh-Hans.lproj/Localizable.strings"; sourceTree = "<group>"; };
		45361F864EB065A548118D1F /* SavedSearchSidebarViewController.swift */ = {isa = PBXFileReference; lastKnownFileType = sourcecode.swift; path = SavedSearchSidebarViewController.swift; sourceTree = "<group>"; };
		46809C2941B27B2E25C7D615 /* FileHoundHelper */ = {isa = PBXFileReference; includeInIndex = 0; path = FileHoundHelper; sourceTree = BUILT_PRODUCTS_DIR; };
		48ADE2FFF952A0EBD95D7F29 /* SearchResultItem.swift */ = {isa = PBXFileReference; lastKnownFileType = sourcecode.swift; path = SearchResultItem.swift; sourceTree = "<group>"; };
		49334770FFAFF93E6513802B /* SearchPreferencesViewController.swift */ = {isa = PBXFileReference; lastKnownFileType = sourcecode.swift; path = SearchPreferencesViewController.swift; sourceTree = "<group>"; };
		4D0A8AC22615E407458B0A73 /* ResultsTableViewController.swift */ = {isa = PBXFileReference; lastKnownFileType = sourcecode.swift; path = ResultsTableViewController.swift; sourceTree = "<group>"; };
		4DA6779D3010941E92766274 /* Assets.xcassets */ = {isa = PBXFileReference; lastKnownFileType = folder.assetcatalog; path = Assets.xcassets; sourceTree = "<group>"; };
		4E818B3D9455550E94E23AEB /* main.swift */ = {isa = PBXFileReference; lastKnownFileType = sourcecode.swift; path = main.swift; sourceTree = "<group>"; };
		50D0A48861A21373DC250CB7 /* AppDelegate.swift */ = {isa = PBXFileReference; lastKnownFileType = sourcecode.swift; path = AppDelegate.swift; sourceTree = "<group>"; };
		564B4FB292769D5B08EA2130 /* TemporaryFixtureTree.swift */ = {isa = PBXFileReference; lastKnownFileType = sourcecode.swift; path = TemporaryFixtureTree.swift; sourceTree = "<group>"; };
		596890AB594A7F997825FDE5 /* UpdatePreferencesSmokeTests.swift */ = {isa = PBXFileReference; lastKnownFileType = sourcecode.swift; path = UpdatePreferencesSmokeTests.swift; sourceTree = "<group>"; };
		6B77AD9DE4A4358A03AE524C /* SearchResultsViewModel.swift */ = {isa = PBXFileReference; lastKnownFileType = sourcecode.swift; path = SearchResultsViewModel.swift; sourceTree = "<group>"; };
		6B9C484ABE6BCEA178E1CC64 /* FileHoundUITests.xctest */ = {isa = PBXFileReference; explicitFileType = wrapper.cfbundle; includeInIndex = 0; path = FileHoundUITests.xctest; sourceTree = BUILT_PRODUCTS_DIR; };
		6F1B749CECAB816AE0AD7C00 /* QueryRule.swift */ = {isa = PBXFileReference; lastKnownFileType = sourcecode.swift; path = QueryRule.swift; sourceTree = "<group>"; };
		7322A6060AB237975D245B4B /* AppLanguage.swift */ = {isa = PBXFileReference; lastKnownFileType = sourcecode.swift; path = AppLanguage.swift; sourceTree = "<group>"; };
		7EF11B8D74E0AC0AED84A20D /* AppearancePreferencesViewController.swift */ = {isa = PBXFileReference; lastKnownFileType = sourcecode.swift; path = AppearancePreferencesViewController.swift; sourceTree = "<group>"; };
		80FC1323180DD19F12F91364 /* en */ = {isa = PBXFileReference; lastKnownFileType = text.plist.strings; name = en; path = en.lproj/Localizable.strings; sourceTree = "<group>"; };
		8A90F4E78DA7D4D5DC395DF7 /* SearchPlanBuilder.swift */ = {isa = PBXFileReference; lastKnownFileType = sourcecode.swift; path = SearchPlanBuilder.swift; sourceTree = "<group>"; };
		8B16D8505E7337ECBED39880 /* ResultsOutlineViewController.swift */ = {isa = PBXFileReference; lastKnownFileType = sourcecode.swift; path = ResultsOutlineViewController.swift; sourceTree = "<group>"; };
		8D32D718007D2229668D82AD /* SearchPlan.swift */ = {isa = PBXFileReference; lastKnownFileType = sourcecode.swift; path = SearchPlan.swift; sourceTree = "<group>"; };
		932D57336FC454C25222E272 /* LocalFilesystemProvider.swift */ = {isa = PBXFileReference; lastKnownFileType = sourcecode.swift; path = LocalFilesystemProvider.swift; sourceTree = "<group>"; };
		947EF1E39D1E6484403DD72A /* SearchSessionTests.swift */ = {isa = PBXFileReference; lastKnownFileType = sourcecode.swift; path = SearchSessionTests.swift; sourceTree = "<group>"; };
		9B9771C1E6520696B0AAD015 /* L10n.swift */ = {isa = PBXFileReference; lastKnownFileType = sourcecode.swift; path = L10n.swift; sourceTree = "<group>"; };
		A07E5D6ECFA65C552FB2051D /* PreviewPanelViewController.swift */ = {isa = PBXFileReference; lastKnownFileType = sourcecode.swift; path = PreviewPanelViewController.swift; sourceTree = "<group>"; };
		A4CACC6E4508D801242CFEE9 /* SearchResultsUITests.swift */ = {isa = PBXFileReference; lastKnownFileType = sourcecode.swift; path = SearchResultsUITests.swift; sourceTree = "<group>"; };
		AC8D31003CBA719AB8444DB2 /* AppSettings.swift */ = {isa = PBXFileReference; lastKnownFileType = sourcecode.swift; path = AppSettings.swift; sourceTree = "<group>"; };
		B5B21AD7D10D05F4D85F5D47 /* SearchRulesViewController.swift */ = {isa = PBXFileReference; lastKnownFileType = sourcecode.swift; path = SearchRulesViewController.swift; sourceTree = "<group>"; };
		BE309A5CE1A213F8626DABDB /* FileHoundUITests.swift */ = {isa = PBXFileReference; lastKnownFileType = sourcecode.swift; path = FileHoundUITests.swift; sourceTree = "<group>"; };
		C514D15DF8B734D7FEA095B4 /* MetadataEvaluator.swift */ = {isa = PBXFileReference; lastKnownFileType = sourcecode.swift; path = MetadataEvaluator.swift; sourceTree = "<group>"; };
		C5CC26E668D8A3B91B90FDF2 /* LocalizationUITests.swift */ = {isa = PBXFileReference; lastKnownFileType = sourcecode.swift; path = LocalizationUITests.swift; sourceTree = "<group>"; };
		C6F692B2E4BE81E9A7C4304B /* FileHoundUITestsLaunchTests.swift */ = {isa = PBXFileReference; lastKnownFileType = sourcecode.swift; path = FileHoundUITestsLaunchTests.swift; sourceTree = "<group>"; };
		C6FF0940B950F6EEB38811E0 /* FileHound.app */ = {isa = PBXFileReference; explicitFileType = wrapper.application; includeInIndex = 0; path = FileHound.app; sourceTree = BUILT_PRODUCTS_DIR; };
		C703F6487BA7CA2B57233671 /* SearchWindowState.swift */ = {isa = PBXFileReference; lastKnownFileType = sourcecode.swift; path = SearchWindowState.swift; sourceTree = "<group>"; };
		C8D9B94B38D425945A72BD39 /* MainMenuBuilder.swift */ = {isa = PBXFileReference; lastKnownFileType = sourcecode.swift; path = MainMenuBuilder.swift; sourceTree = "<group>"; };
		CBF2FA258790154E0DAE5E78 /* FileHound.entitlements */ = {isa = PBXFileReference; lastKnownFileType = text.plist.entitlements; path = FileHound.entitlements; sourceTree = "<group>"; };
		D4A0FF428CCCAD9BEC5AE145 /* SavedSearchStoreTests.swift */ = {isa = PBXFileReference; lastKnownFileType = sourcecode.swift; path = SavedSearchStoreTests.swift; sourceTree = "<group>"; };
		D4BDF8D17887B5A95D1FCA55 /* PrivilegedFilesystemProvider.swift */ = {isa = PBXFileReference; lastKnownFileType = sourcecode.swift; path = PrivilegedFilesystemProvider.swift; sourceTree = "<group>"; };
		D626C293047FE0C90F28E82C /* PermissionStateTests.swift */ = {isa = PBXFileReference; lastKnownFileType = sourcecode.swift; path = PermissionStateTests.swift; sourceTree = "<group>"; };
		D86C1152C112901AD34F8CC6 /* LocalizationController.swift */ = {isa = PBXFileReference; lastKnownFileType = sourcecode.swift; path = LocalizationController.swift; sourceTree = "<group>"; };
		D8BB3C940AFED69873C36D4C /* SearchRuleRowView.swift */ = {isa = PBXFileReference; lastKnownFileType = sourcecode.swift; path = SearchRuleRowView.swift; sourceTree = "<group>"; };
		DAA0235942EA6D1409ADA604 /* zh-Hant */ = {isa = PBXFileReference; lastKnownFileType = text.plist.strings; name = "zh-Hant"; path = "zh-Hant.lproj/Localizable.strings"; sourceTree = "<group>"; };
		DEDA685C3750E248EE75FD16 /* ApplicationMain.swift */ = {isa = PBXFileReference; lastKnownFileType = sourcecode.swift; path = ApplicationMain.swift; sourceTree = "<group>"; };
		DF23B4AD79B6466B352CF452 /* FileHoundTests.swift */ = {isa = PBXFileReference; lastKnownFileType = sourcecode.swift; path = FileHoundTests.swift; sourceTree = "<group>"; };
		E2A02BB6DDC828B9534A1EAA /* FileHoundTests.xctest */ = {isa = PBXFileReference; explicitFileType = wrapper.cfbundle; includeInIndex = 0; path = FileHoundTests.xctest; sourceTree = BUILT_PRODUCTS_DIR; };
		E5EACD935E77E99649BFDC5B /* SearchResultsViewModelTests.swift */ = {isa = PBXFileReference; lastKnownFileType = sourcecode.swift; path = SearchResultsViewModelTests.swift; sourceTree = "<group>"; };
		F02D386164FDEBD4FCAFB0DC /* SearchResultsViewController.swift */ = {isa = PBXFileReference; lastKnownFileType = sourcecode.swift; path = SearchResultsViewController.swift; sourceTree = "<group>"; };
		F57D52D99A5F7F37A000BE9A /* FilesystemAccessProviding.swift */ = {isa = PBXFileReference; lastKnownFileType = sourcecode.swift; path = FilesystemAccessProviding.swift; sourceTree = "<group>"; };
		F5AF9B28B9C80F9AF4EC8D02 /* SearchPlanBuilderTests.swift */ = {isa = PBXFileReference; lastKnownFileType = sourcecode.swift; path = SearchPlanBuilderTests.swift; sourceTree = "<group>"; };
		FA2951497A038EAC135D133D /* SearchQuery.swift */ = {isa = PBXFileReference; lastKnownFileType = sourcecode.swift; path = SearchQuery.swift; sourceTree = "<group>"; };
		FA8F0FD441B29CD521E53CED /* PreferencesUITests.swift */ = {isa = PBXFileReference; lastKnownFileType = sourcecode.swift; path = PreferencesUITests.swift; sourceTree = "<group>"; };
		FB60A6B6F7A30E3D3E761051 /* QueryCompiler.swift */ = {isa = PBXFileReference; lastKnownFileType = sourcecode.swift; path = QueryCompiler.swift; sourceTree = "<group>"; };
/* End PBXFileReference section */

/* Begin PBXFrameworksBuildPhase section */
		034EC23490189917FB7A4FBB /* Frameworks */ = {
			isa = PBXFrameworksBuildPhase;
			buildActionMask = 2147483647;
			files = (
				238F68EF239D995C2C51D80E /* SnapKit in Frameworks */,
				06DAFD96E2CAB50331F3F50A /* MMKV in Frameworks */,
				9FB8739586460F0198CA6538 /* Sparkle in Frameworks */,
			);
			runOnlyForDeploymentPostprocessing = 0;
		};
/* End PBXFrameworksBuildPhase section */

/* Begin PBXGroup section */
		01A49FF0BB5E2275C5373BFD /* Storage */ = {
			isa = PBXGroup;
			children = (
				D4A0FF428CCCAD9BEC5AE145 /* SavedSearchStoreTests.swift */,
			);
			path = Storage;
			sourceTree = "<group>";
		};
		05E9E57CF84E3C64B1C68419 /* FileHound */ = {
			isa = PBXGroup;
			children = (
				4DA6779D3010941E92766274 /* Assets.xcassets */,
				CBF2FA258790154E0DAE5E78 /* FileHound.entitlements */,
				9C17908009B84D24BE6F4A40 /* App */,
				267A8496B4DF12A6B631B511 /* Common */,
				6A0030210E1822121A252FE5 /* Modules */,
				691A6C77FCDA3D6A134263BE /* Resources */,
				FC41F75915541AE2F0FD3D14 /* SearchEngine */,
			);
			path = FileHound;
			sourceTree = "<group>";
		};
		10A3CFF253DC76FA10922249 /* FileHoundUITests */ = {
			isa = PBXGroup;
			children = (
				10D566A160E55F5079F322E5 /* AppShellUITests.swift */,
				BE309A5CE1A213F8626DABDB /* FileHoundUITests.swift */,
				C6F692B2E4BE81E9A7C4304B /* FileHoundUITestsLaunchTests.swift */,
				C5CC26E668D8A3B91B90FDF2 /* LocalizationUITests.swift */,
				FA8F0FD441B29CD521E53CED /* PreferencesUITests.swift */,
				A4CACC6E4508D801242CFEE9 /* SearchResultsUITests.swift */,
				596890AB594A7F997825FDE5 /* UpdatePreferencesSmokeTests.swift */,
			);
			path = FileHoundUITests;
			sourceTree = "<group>";
		};
		18728B21D85CA4C131287197 = {
			isa = PBXGroup;
			children = (
				05E9E57CF84E3C64B1C68419 /* FileHound */,
				E62B2A4DD75A037538F21D13 /* FileHoundHelper */,
				58429E7656E52FEAB5A0A009 /* FileHoundTests */,
				10A3CFF253DC76FA10922249 /* FileHoundUITests */,
				AEFC66A99582AA7A7028D392 /* Products */,
			);
			sourceTree = "<group>";
		};
		267A8496B4DF12A6B631B511 /* Common */ = {
			isa = PBXGroup;
			children = (
				7C5A875DF5F9A0A17A7F00AE /* Localization */,
				A77BD4C1508E33B41A5F153D /* Services */,
				74E09AA0147CEE3EB4EF038B /* Storage */,
				BAA690E2C61A2F8532AE919D /* UI */,
			);
			path = Common;
			sourceTree = "<group>";
		};
		36548D1F0B2B95F3D3C6F825 /* Theme */ = {
			isa = PBXGroup;
			children = (
				30BB21AE0D140F9289272CB6 /* AppTheme.swift */,
				1CF5B941185AE10322A03C74 /* ThemeController.swift */,
			);
			path = Theme;
			sourceTree = "<group>";
		};
		366F4BC39A721A1F53544B10 /* Preferences */ = {
			isa = PBXGroup;
			children = (
				7EF11B8D74E0AC0AED84A20D /* AppearancePreferencesViewController.swift */,
				1ADF6F5A640F0F628BC18813 /* PermissionsPreferencesViewController.swift */,
				3B50F28DA50D9DD65115648E /* PreferencesWindowController.swift */,
				49334770FFAFF93E6513802B /* SearchPreferencesViewController.swift */,
				08D1FEB9F6E319784E4A322D /* UpdatePreferencesViewController.swift */,
			);
			path = Preferences;
			sourceTree = "<group>";
		};
		385A21A9508989272D592907 /* SearchResults */ = {
			isa = PBXGroup;
			children = (
				8B16D8505E7337ECBED39880 /* ResultsOutlineViewController.swift */,
				4D0A8AC22615E407458B0A73 /* ResultsTableViewController.swift */,
				F02D386164FDEBD4FCAFB0DC /* SearchResultsViewController.swift */,
				6B77AD9DE4A4358A03AE524C /* SearchResultsViewModel.swift */,
				39503E86A4D81047DC45CD4C /* SearchResultsWindowController.swift */,
			);
			path = SearchResults;
			sourceTree = "<group>";
		};
		3970DAD11423DA11050C3C04 /* PermissionGuidance */ = {
			isa = PBXGroup;
			children = (
				1A7BE0110117689866110862 /* PermissionGuidanceCoordinator.swift */,
			);
			path = PermissionGuidance;
			sourceTree = "<group>";
		};
		399BB6AE580961DF83E2B060 /* PreviewPanel */ = {
			isa = PBXGroup;
			children = (
				A07E5D6ECFA65C552FB2051D /* PreviewPanelViewController.swift */,
			);
			path = PreviewPanel;
			sourceTree = "<group>";
		};
		3D35D7502C2617D1F90FA859 /* Query */ = {
			isa = PBXGroup;
			children = (
				FB60A6B6F7A30E3D3E761051 /* QueryCompiler.swift */,
				6F1B749CECAB816AE0AD7C00 /* QueryRule.swift */,
				FA2951497A038EAC135D133D /* SearchQuery.swift */,
			);
			path = Query;
			sourceTree = "<group>";
		};
		4484D50F2F7F919A1FF746BE /* SearchWindow */ = {
			isa = PBXGroup;
			children = (
				19FCD700568C35533CBD8B23 /* SearchWindowStateTests.swift */,
			);
			path = SearchWindow;
			sourceTree = "<group>";
		};
		4A4ED405830480B23282E081 /* Support */ = {
			isa = PBXGroup;
			children = (
				564B4FB292769D5B08EA2130 /* TemporaryFixtureTree.swift */,
			);
			path = Support;
			sourceTree = "<group>";
		};
		5005C7ECD34940AAB557BB51 /* Permissions */ = {
			isa = PBXGroup;
			children = (
				D626C293047FE0C90F28E82C /* PermissionStateTests.swift */,
			);
			path = Permissions;
			sourceTree = "<group>";
		};
		58429E7656E52FEAB5A0A009 /* FileHoundTests */ = {
			isa = PBXGroup;
			children = (
				DF23B4AD79B6466B352CF452 /* FileHoundTests.swift */,
				843E2BA8ED1BC1A5EF0749F9 /* Matching */,
				5005C7ECD34940AAB557BB51 /* Permissions */,
				C80326376253750275AA7EDC /* Planner */,
				FC613EC44C06E986D90E8555 /* Query */,
				6B5A449FC0214EA52DF5E098 /* SearchResults */,
				4484D50F2F7F919A1FF746BE /* SearchWindow */,
				01A49FF0BB5E2275C5373BFD /* Storage */,
				B585F58FB8B2E15304DC7821 /* Streaming */,
				4A4ED405830480B23282E081 /* Support */,
				C7E47975749B124305D73569 /* Walker */,
			);
			path = FileHoundTests;
			sourceTree = "<group>";
		};
		691A6C77FCDA3D6A134263BE /* Resources */ = {
			isa = PBXGroup;
			children = (
				CEA064333A046863870FC116 /* Localization */,
			);
			path = Resources;
			sourceTree = "<group>";
		};
		6A0030210E1822121A252FE5 /* Modules */ = {
			isa = PBXGroup;
			children = (
				3970DAD11423DA11050C3C04 /* PermissionGuidance */,
				366F4BC39A721A1F53544B10 /* Preferences */,
				399BB6AE580961DF83E2B060 /* PreviewPanel */,
				8E9F671DE8C2542D0E00ADDD /* SavedSearches */,
				385A21A9508989272D592907 /* SearchResults */,
				83CC041810140174ABD00FA3 /* SearchRules */,
				FB40DAD68A08E47E84633C61 /* SearchWindow */,
			);
			path = Modules;
			sourceTree = "<group>";
		};
		6B5A449FC0214EA52DF5E098 /* SearchResults */ = {
			isa = PBXGroup;
			children = (
				E5EACD935E77E99649BFDC5B /* SearchResultsViewModelTests.swift */,
			);
			path = SearchResults;
			sourceTree = "<group>";
		};
		74E09AA0147CEE3EB4EF038B /* Storage */ = {
			isa = PBXGroup;
			children = (
				AC8D31003CBA719AB8444DB2 /* AppSettings.swift */,
				01329F6D9901D50847ADEC14 /* SavedSearchStore.swift */,
			);
			path = Storage;
			sourceTree = "<group>";
		};
		7B9CB200A2BF68BCC7AD6609 /* Access */ = {
			isa = PBXGroup;
			children = (
				F57D52D99A5F7F37A000BE9A /* FilesystemAccessProviding.swift */,
				932D57336FC454C25222E272 /* LocalFilesystemProvider.swift */,
				D4BDF8D17887B5A95D1FCA55 /* PrivilegedFilesystemProvider.swift */,
			);
			path = Access;
			sourceTree = "<group>";
		};
		7C5A875DF5F9A0A17A7F00AE /* Localization */ = {
			isa = PBXGroup;
			children = (
				7322A6060AB237975D245B4B /* AppLanguage.swift */,
				9B9771C1E6520696B0AAD015 /* L10n.swift */,
				D86C1152C112901AD34F8CC6 /* LocalizationController.swift */,
			);
			path = Localization;
			sourceTree = "<group>";
		};
		83CC041810140174ABD00FA3 /* SearchRules */ = {
			isa = PBXGroup;
			children = (
				D8BB3C940AFED69873C36D4C /* SearchRuleRowView.swift */,
				B5B21AD7D10D05F4D85F5D47 /* SearchRulesViewController.swift */,
			);
			path = SearchRules;
			sourceTree = "<group>";
		};
		843E2BA8ED1BC1A5EF0749F9 /* Matching */ = {
			isa = PBXGroup;
			children = (
				064118F67E84C3BFE346ADA0 /* ContentMatcherTests.swift */,
			);
			path = Matching;
			sourceTree = "<group>";
		};
		866FD5627584DF25AB358CDA /* Planner */ = {
			isa = PBXGroup;
			children = (
				8D32D718007D2229668D82AD /* SearchPlan.swift */,
				8A90F4E78DA7D4D5DC395DF7 /* SearchPlanBuilder.swift */,
			);
			path = Planner;
			sourceTree = "<group>";
		};
		8E9F671DE8C2542D0E00ADDD /* SavedSearches */ = {
			isa = PBXGroup;
			children = (
				45361F864EB065A548118D1F /* SavedSearchSidebarViewController.swift */,
			);
			path = SavedSearches;
			sourceTree = "<group>";
		};
		9C17908009B84D24BE6F4A40 /* App */ = {
			isa = PBXGroup;
			children = (
				50D0A48861A21373DC250CB7 /* AppDelegate.swift */,
				DEDA685C3750E248EE75FD16 /* ApplicationMain.swift */,
				C8D9B94B38D425945A72BD39 /* MainMenuBuilder.swift */,
			);
			path = App;
			sourceTree = "<group>";
		};
		9F3B75A5CC57946510856B4A /* Matching */ = {
			isa = PBXGroup;
			children = (
				2506011B8A2D8F049951A148 /* ContentMatcher.swift */,
				C514D15DF8B734D7FEA095B4 /* MetadataEvaluator.swift */,
			);
			path = Matching;
			sourceTree = "<group>";
		};
		A77BD4C1508E33B41A5F153D /* Services */ = {
			isa = PBXGroup;
			children = (
				094CDD3713CE9D7CB4B742C6 /* UpdateManager.swift */,
			);
			path = Services;
			sourceTree = "<group>";
		};
		AEFC66A99582AA7A7028D392 /* Products */ = {
			isa = PBXGroup;
			children = (
				C6FF0940B950F6EEB38811E0 /* FileHound.app */,
				46809C2941B27B2E25C7D615 /* FileHoundHelper */,
				E2A02BB6DDC828B9534A1EAA /* FileHoundTests.xctest */,
				6B9C484ABE6BCEA178E1CC64 /* FileHoundUITests.xctest */,
			);
			name = Products;
			sourceTree = "<group>";
		};
		B585F58FB8B2E15304DC7821 /* Streaming */ = {
			isa = PBXGroup;
			children = (
				947EF1E39D1E6484403DD72A /* SearchSessionTests.swift */,
			);
			path = Streaming;
			sourceTree = "<group>";
		};
		B7C4E44E3A98E0725E65272F /* Walker */ = {
			isa = PBXGroup;
			children = (
				3DEA9F492802D3E305395461 /* DirectoryWalker.swift */,
			);
			path = Walker;
			sourceTree = "<group>";
		};
		BAA690E2C61A2F8532AE919D /* UI */ = {
			isa = PBXGroup;
			children = (
				36548D1F0B2B95F3D3C6F825 /* Theme */,
			);
			path = UI;
			sourceTree = "<group>";
		};
		C7E47975749B124305D73569 /* Walker */ = {
			isa = PBXGroup;
			children = (
				0A4CBA719314F461F4E4C31D /* DirectoryWalkerTests.swift */,
			);
			path = Walker;
			sourceTree = "<group>";
		};
		C80326376253750275AA7EDC /* Planner */ = {
			isa = PBXGroup;
			children = (
				F5AF9B28B9C80F9AF4EC8D02 /* SearchPlanBuilderTests.swift */,
			);
			path = Planner;
			sourceTree = "<group>";
		};
		CEA064333A046863870FC116 /* Localization */ = {
			isa = PBXGroup;
			children = (
				2F3811B89489632B5FC48056 /* Localizable.strings */,
			);
			path = Localization;
			sourceTree = "<group>";
		};
		E62B2A4DD75A037538F21D13 /* FileHoundHelper */ = {
			isa = PBXGroup;
			children = (
				06B5635287B4B5EE4C97CB7E /* FileHoundHelper.entitlements */,
				114A3CC8BCFC1AC1D0B8B973 /* HelperProtocol.swift */,
				4E818B3D9455550E94E23AEB /* main.swift */,
				32DD8B5150B2D2CDFD773081 /* PrivilegedSearchService.swift */,
			);
			path = FileHoundHelper;
			sourceTree = "<group>";
		};
		FA600324BD04E5B91701F8B8 /* Streaming */ = {
			isa = PBXGroup;
			children = (
				48ADE2FFF952A0EBD95D7F29 /* SearchResultItem.swift */,
				233D1EF55ED9F49A465459E7 /* SearchSession.swift */,
			);
			path = Streaming;
			sourceTree = "<group>";
		};
		FB40DAD68A08E47E84633C61 /* SearchWindow */ = {
			isa = PBXGroup;
			children = (
				00740F383C06B7C832EDFA76 /* SearchSplitViewController.swift */,
				2CAA1D76B13C3322CBDBA4D8 /* SearchWindowController.swift */,
				C703F6487BA7CA2B57233671 /* SearchWindowState.swift */,
			);
			path = SearchWindow;
			sourceTree = "<group>";
		};
		FC41F75915541AE2F0FD3D14 /* SearchEngine */ = {
			isa = PBXGroup;
			children = (
				7B9CB200A2BF68BCC7AD6609 /* Access */,
				9F3B75A5CC57946510856B4A /* Matching */,
				866FD5627584DF25AB358CDA /* Planner */,
				3D35D7502C2617D1F90FA859 /* Query */,
				FA600324BD04E5B91701F8B8 /* Streaming */,
				B7C4E44E3A98E0725E65272F /* Walker */,
			);
			path = SearchEngine;
			sourceTree = "<group>";
		};
		FC613EC44C06E986D90E8555 /* Query */ = {
			isa = PBXGroup;
			children = (
				20CBCE4E22AC571CAA07D753 /* QueryCompilerTests.swift */,
			);
			path = Query;
			sourceTree = "<group>";
		};
/* End PBXGroup section */

/* Begin PBXNativeTarget section */
		26FE55936B7FC95B00B31670 /* FileHoundUITests */ = {
			isa = PBXNativeTarget;
			buildConfigurationList = 5EA85937E6E45C81F554C484 /* Build configuration list for PBXNativeTarget "FileHoundUITests" */;
			buildPhases = (
				BA52D8914754499FCCAACA65 /* Sources */,
			);
			buildRules = (
			);
			dependencies = (
				B0633C88B18988B6266A875C /* PBXTargetDependency */,
			);
			name = FileHoundUITests;
			packageProductDependencies = (
			);
			productName = FileHoundUITests;
			productReference = 6B9C484ABE6BCEA178E1CC64 /* FileHoundUITests.xctest */;
			productType = "com.apple.product-type.bundle.ui-testing";
		};
		6FD10AE35F0DDA52261834F6 /* FileHoundHelper */ = {
			isa = PBXNativeTarget;
			buildConfigurationList = 3B5D5CE2CF42A2654A504DBF /* Build configuration list for PBXNativeTarget "FileHoundHelper" */;
			buildPhases = (
				1ADF20D157BDCB52C20C65F0 /* Sources */,
			);
			buildRules = (
			);
			dependencies = (
			);
			name = FileHoundHelper;
			packageProductDependencies = (
			);
			productName = FileHoundHelper;
			productReference = 46809C2941B27B2E25C7D615 /* FileHoundHelper */;
			productType = "com.apple.product-type.tool";
		};
		ABDDBFA76A03F4EB53DBDE50 /* FileHound */ = {
			isa = PBXNativeTarget;
			buildConfigurationList = D9B9D42FB7B7C070CFFA773A /* Build configuration list for PBXNativeTarget "FileHound" */;
			buildPhases = (
				846A8D0CFE63ABC2B011839B /* Sources */,
				0AEC4BB50083566EA3F77845 /* Resources */,
				034EC23490189917FB7A4FBB /* Frameworks */,
			);
			buildRules = (
			);
			dependencies = (
			);
			name = FileHound;
			packageProductDependencies = (
				584CCAD5BE12E3035F5B2176 /* SnapKit */,
				63D15AD2E30CCCB256F247EA /* MMKV */,
				40658B17A939918CAC9F2285 /* Sparkle */,
			);
			productName = FileHound;
			productReference = C6FF0940B950F6EEB38811E0 /* FileHound.app */;
			productType = "com.apple.product-type.application";
		};
		E33A4DEE94F762270C85CE96 /* FileHoundTests */ = {
			isa = PBXNativeTarget;
			buildConfigurationList = 041AF0153475EEF854F6FF01 /* Build configuration list for PBXNativeTarget "FileHoundTests" */;
			buildPhases = (
				F6CA86F58A750C629AD51B06 /* Sources */,
			);
			buildRules = (
			);
			dependencies = (
				24E622886F2D09C768794AE8 /* PBXTargetDependency */,
			);
			name = FileHoundTests;
			packageProductDependencies = (
			);
			productName = FileHoundTests;
			productReference = E2A02BB6DDC828B9534A1EAA /* FileHoundTests.xctest */;
			productType = "com.apple.product-type.bundle.unit-test";
		};
/* End PBXNativeTarget section */

/* Begin PBXProject section */
		8B33FB88648DF7E4CA06F98D /* Project object */ = {
			isa = PBXProject;
			attributes = {
				BuildIndependentTargetsInParallel = YES;
				LastUpgradeCheck = 1430;
				TargetAttributes = {
					26FE55936B7FC95B00B31670 = {
						TestTargetID = ABDDBFA76A03F4EB53DBDE50;
					};
				};
			};
			buildConfigurationList = E0D5E1C8A33235421AEC2203 /* Build configuration list for PBXProject "FileHound" */;
			developmentRegion = en;
			hasScannedForEncodings = 0;
			knownRegions = (
				Base,
				en,
				"zh-Hans",
				"zh-Hant",
			);
			mainGroup = 18728B21D85CA4C131287197;
			minimizedProjectReferenceProxies = 1;
			packageReferences = (
				037E00163304228D8CCFA7FA /* XCRemoteSwiftPackageReference "MMKV" */,
				563D02851684A0BB74009C03 /* XCRemoteSwiftPackageReference "SnapKit" */,
				767DAFB0D45D2084B0838064 /* XCRemoteSwiftPackageReference "Sparkle" */,
			);
			preferredProjectObjectVersion = 77;
			productRefGroup = AEFC66A99582AA7A7028D392 /* Products */;
			projectDirPath = "";
			projectRoot = "";
			targets = (
				ABDDBFA76A03F4EB53DBDE50 /* FileHound */,
				6FD10AE35F0DDA52261834F6 /* FileHoundHelper */,
				E33A4DEE94F762270C85CE96 /* FileHoundTests */,
				26FE55936B7FC95B00B31670 /* FileHoundUITests */,
			);
		};
/* End PBXProject section */

/* Begin PBXResourcesBuildPhase section */
		0AEC4BB50083566EA3F77845 /* Resources */ = {
			isa = PBXResourcesBuildPhase;
			buildActionMask = 2147483647;
			files = (
				AAAA1EE5284E5D1AD64DC05C /* Assets.xcassets in Resources */,
				F0705A95DD80DC1A4A2C5014 /* Localizable.strings in Resources */,
			);
			runOnlyForDeploymentPostprocessing = 0;
		};
/* End PBXResourcesBuildPhase section */

/* Begin PBXSourcesBuildPhase section */
		1ADF20D157BDCB52C20C65F0 /* Sources */ = {
			isa = PBXSourcesBuildPhase;
			buildActionMask = 2147483647;
			files = (
				B7A6103622BDA33DA33318EE /* HelperProtocol.swift in Sources */,
				158DE26136088830700C4995 /* PrivilegedSearchService.swift in Sources */,
				9FEAB67B569D6C392F93EFF3 /* main.swift in Sources */,
			);
			runOnlyForDeploymentPostprocessing = 0;
		};
		846A8D0CFE63ABC2B011839B /* Sources */ = {
			isa = PBXSourcesBuildPhase;
			buildActionMask = 2147483647;
			files = (
				1535D5C84FBDD6F6CD75682C /* AppDelegate.swift in Sources */,
				70045AA87A1A7E0BEE833CD6 /* AppLanguage.swift in Sources */,
				E77AA257BDCF1257C5719B0A /* AppSettings.swift in Sources */,
				D06C7406DE458B1DA964DC8A /* AppTheme.swift in Sources */,
				14E18B1B2AA1EB2390CAAA4D /* AppearancePreferencesViewController.swift in Sources */,
				16FDAA1B39724DF0AD900BDA /* ApplicationMain.swift in Sources */,
				BEE3473A1D89066ADB6E630F /* ContentMatcher.swift in Sources */,
				79170FA8F16B08950E904401 /* DirectoryWalker.swift in Sources */,
				A5835513CC29E9D11EA3EF61 /* FilesystemAccessProviding.swift in Sources */,
				48F3B1B01B1A11CE248E9CCD /* L10n.swift in Sources */,
				DF6236E4A4D8AD413177EAA4 /* LocalFilesystemProvider.swift in Sources */,
				0D6C650D92152F7221486541 /* LocalizationController.swift in Sources */,
				DF429A833B622102F9B84343 /* MainMenuBuilder.swift in Sources */,
				36544ADC528FAC332BD3DECA /* MetadataEvaluator.swift in Sources */,
				1A2D0376E1837A39DC29FEC4 /* PermissionGuidanceCoordinator.swift in Sources */,
				A044A60CF0F5AE126A50068D /* PermissionsPreferencesViewController.swift in Sources */,
				FDE0457D765F9D84A3AFF972 /* PreferencesWindowController.swift in Sources */,
				C0EDA9822991AE15D7F82484 /* PreviewPanelViewController.swift in Sources */,
				8CE1DCF22F9C93B1D82B2081 /* PrivilegedFilesystemProvider.swift in Sources */,
				90AA3654390F4E3CA706F803 /* QueryCompiler.swift in Sources */,
				D122775DD7A2B69E3F082423 /* QueryRule.swift in Sources */,
				F948C800F74BEBE3CC43D0CF /* ResultsOutlineViewController.swift in Sources */,
				F37A0E052328DAAB050E6EEA /* ResultsTableViewController.swift in Sources */,
				854DE347F6790D52613118D3 /* SavedSearchSidebarViewController.swift in Sources */,
				BEA9AD6EECF33E73783AF005 /* SavedSearchStore.swift in Sources */,
				28224DE2379AC287D86D9E6D /* SearchPlan.swift in Sources */,
				C64A00E7A36F221B4A8CE176 /* SearchPlanBuilder.swift in Sources */,
				9E8E4C78866ADFE257596082 /* SearchPreferencesViewController.swift in Sources */,
				1AE034117579A5D1C258D9BC /* SearchQuery.swift in Sources */,
				FCABC41A1EED6A78A52EE62C /* SearchResultItem.swift in Sources */,
				3946F29B4B84621D2F6BE417 /* SearchResultsViewController.swift in Sources */,
				5A4A6E58B1DF0A6A7FC49AD2 /* SearchResultsViewModel.swift in Sources */,
				5A0754BDC36864A027E81076 /* SearchResultsWindowController.swift in Sources */,
				05CD5E283916051DFB996ADB /* SearchRuleRowView.swift in Sources */,
				16CA3F229B52E33585E757A2 /* SearchRulesViewController.swift in Sources */,
				428D4E5D78D69EA9964D2ACF /* SearchSession.swift in Sources */,
				A92FBC27A6221197F09BF548 /* SearchSplitViewController.swift in Sources */,
				51E9BF1E14AB16AC5FF40BB1 /* SearchWindowController.swift in Sources */,
				A28B691797BA0F0A0ABE9022 /* SearchWindowState.swift in Sources */,
				F4F6D70C44CF17E7B653F2E8 /* ThemeController.swift in Sources */,
				F06C32B7EB5B6883E9542C9F /* UpdateManager.swift in Sources */,
				6A7C04BCA40CEE6B137A7D92 /* UpdatePreferencesViewController.swift in Sources */,
			);
			runOnlyForDeploymentPostprocessing = 0;
		};
		BA52D8914754499FCCAACA65 /* Sources */ = {
			isa = PBXSourcesBuildPhase;
			buildActionMask = 2147483647;
			files = (
				1C3C07491C775799E0EF8300 /* AppShellUITests.swift in Sources */,
				1CF0089C56D7F5100B35D7D1 /* FileHoundUITests.swift in Sources */,
				C0ABAD9CFF0EEFF3831EB395 /* FileHoundUITestsLaunchTests.swift in Sources */,
				2ED17CC3EB9C044D29F455D0 /* LocalizationUITests.swift in Sources */,
				2B71E0321D58964F4C665115 /* PreferencesUITests.swift in Sources */,
				034670B96146CB5BF127C1D5 /* SearchResultsUITests.swift in Sources */,
				DB66549B8275F277329E3921 /* UpdatePreferencesSmokeTests.swift in Sources */,
			);
			runOnlyForDeploymentPostprocessing = 0;
		};
		F6CA86F58A750C629AD51B06 /* Sources */ = {
			isa = PBXSourcesBuildPhase;
			buildActionMask = 2147483647;
			files = (
				78BE86A2358D98F5FC1BA92F /* ContentMatcherTests.swift in Sources */,
				C5BAB602C99DC01CDE9896F9 /* DirectoryWalkerTests.swift in Sources */,
				9E8975D01A0C53A232FF18A4 /* FileHoundTests.swift in Sources */,
				BAD1F0FCE5B04312E65A2FDB /* PermissionStateTests.swift in Sources */,
				E880A721F079D51FDEFFF8E8 /* QueryCompilerTests.swift in Sources */,
				09CB98F7F5F4D4C3B813F1EB /* SavedSearchStoreTests.swift in Sources */,
				8F5320698BDB794D0C5A5B46 /* SearchPlanBuilderTests.swift in Sources */,
				5123919786F94F343B4708D0 /* SearchResultsViewModelTests.swift in Sources */,
				CFC72D5029BD64070970DF57 /* SearchSessionTests.swift in Sources */,
				F4B2F21A80B3DF5243602530 /* SearchWindowStateTests.swift in Sources */,
				F0DCE3DD4C2DE1E0A2CE3C64 /* TemporaryFixtureTree.swift in Sources */,
			);
			runOnlyForDeploymentPostprocessing = 0;
		};
/* End PBXSourcesBuildPhase section */

/* Begin PBXTargetDependency section */
		24E622886F2D09C768794AE8 /* PBXTargetDependency */ = {
			isa = PBXTargetDependency;
			target = ABDDBFA76A03F4EB53DBDE50 /* FileHound */;
			targetProxy = 608B26B22D4E9D7B9F91FFE2 /* PBXContainerItemProxy */;
		};
		B0633C88B18988B6266A875C /* PBXTargetDependency */ = {
			isa = PBXTargetDependency;
			target = ABDDBFA76A03F4EB53DBDE50 /* FileHound */;
			targetProxy = 9463D7622C8930B484AAEA92 /* PBXContainerItemProxy */;
		};
/* End PBXTargetDependency section */

/* Begin PBXVariantGroup section */
		2F3811B89489632B5FC48056 /* Localizable.strings */ = {
			isa = PBXVariantGroup;
			children = (
				80FC1323180DD19F12F91364 /* en */,
				3E091BC05621A3E82813A75C /* zh-Hans */,
				DAA0235942EA6D1409ADA604 /* zh-Hant */,
			);
			name = Localizable.strings;
			sourceTree = "<group>";
		};
/* End PBXVariantGroup section */

/* Begin XCBuildConfiguration section */
		20B2F0EDFB05F372A9F1AEDB /* Release */ = {
			isa = XCBuildConfiguration;
			buildSettings = {
				BUNDLE_LOADER = "$(TEST_HOST)";
				COMBINE_HIDPI_IMAGES = YES;
				GENERATE_INFOPLIST_FILE = YES;
				LD_RUNPATH_SEARCH_PATHS = (
					"$(inherited)",
					"@executable_path/Frameworks",
					"@loader_path/Frameworks",
				);
				PRODUCT_BUNDLE_IDENTIFIER = cn.vanjay.FileHoundUITests;
				SDKROOT = macosx;
				SWIFT_VERSION = 5.10;
				TEST_TARGET_NAME = FileHound;
			};
			name = Release;
		};
		23536EEED3B393418C9BB104 /* Release */ = {
			isa = XCBuildConfiguration;
			buildSettings = {
				BUNDLE_LOADER = "$(TEST_HOST)";
				COMBINE_HIDPI_IMAGES = YES;
				GENERATE_INFOPLIST_FILE = YES;
				LD_RUNPATH_SEARCH_PATHS = (
					"$(inherited)",
					"@executable_path/../Frameworks",
					"@loader_path/../Frameworks",
				);
				PRODUCT_BUNDLE_IDENTIFIER = cn.vanjay.FileHoundTests;
				SDKROOT = macosx;
				SWIFT_VERSION = 5.10;
				TEST_HOST = "$(BUILT_PRODUCTS_DIR)/FileHound.app/Contents/MacOS/FileHound";
			};
			name = Release;
		};
		2C64174E238E2843B7A98A61 /* Debug */ = {
			isa = XCBuildConfiguration;
			buildSettings = {
				BUNDLE_LOADER = "$(TEST_HOST)";
				COMBINE_HIDPI_IMAGES = YES;
				GENERATE_INFOPLIST_FILE = YES;
				LD_RUNPATH_SEARCH_PATHS = (
					"$(inherited)",
					"@executable_path/Frameworks",
					"@loader_path/Frameworks",
				);
				PRODUCT_BUNDLE_IDENTIFIER = cn.vanjay.FileHoundUITests;
				SDKROOT = macosx;
				SWIFT_VERSION = 5.10;
				TEST_TARGET_NAME = FileHound;
			};
			name = Debug;
		};
		35E1FD3CF4163599C11F08EA /* Debug */ = {
			isa = XCBuildConfiguration;
			buildSettings = {
				BUNDLE_LOADER = "$(TEST_HOST)";
				COMBINE_HIDPI_IMAGES = YES;
				GENERATE_INFOPLIST_FILE = YES;
				LD_RUNPATH_SEARCH_PATHS = (
					"$(inherited)",
					"@executable_path/../Frameworks",
					"@loader_path/../Frameworks",
				);
				PRODUCT_BUNDLE_IDENTIFIER = cn.vanjay.FileHoundTests;
				SDKROOT = macosx;
				SWIFT_VERSION = 5.10;
				TEST_HOST = "$(BUILT_PRODUCTS_DIR)/FileHound.app/Contents/MacOS/FileHound";
			};
			name = Debug;
		};
		48ECB57602E79C615269722C /* Debug */ = {
			isa = XCBuildConfiguration;
			buildSettings = {
				ALWAYS_SEARCH_USER_PATHS = NO;
				CLANG_ANALYZER_NONNULL = YES;
				CLANG_ANALYZER_NUMBER_OBJECT_CONVERSION = YES_AGGRESSIVE;
				CLANG_CXX_LANGUAGE_STANDARD = "gnu++14";
				CLANG_CXX_LIBRARY = "libc++";
				CLANG_ENABLE_MODULES = YES;
				CLANG_ENABLE_OBJC_ARC = YES;
				CLANG_ENABLE_OBJC_WEAK = YES;
				CLANG_WARN_BLOCK_CAPTURE_AUTORELEASING = YES;
				CLANG_WARN_BOOL_CONVERSION = YES;
				CLANG_WARN_COMMA = YES;
				CLANG_WARN_CONSTANT_CONVERSION = YES;
				CLANG_WARN_DEPRECATED_OBJC_IMPLEMENTATIONS = YES;
				CLANG_WARN_DIRECT_OBJC_ISA_USAGE = YES_ERROR;
				CLANG_WARN_DOCUMENTATION_COMMENTS = YES;
				CLANG_WARN_EMPTY_BODY = YES;
				CLANG_WARN_ENUM_CONVERSION = YES;
				CLANG_WARN_INFINITE_RECURSION = YES;
				CLANG_WARN_INT_CONVERSION = YES;
				CLANG_WARN_NON_LITERAL_NULL_CONVERSION = YES;
				CLANG_WARN_OBJC_IMPLICIT_RETAIN_SELF = YES;
				CLANG_WARN_OBJC_LITERAL_CONVERSION = YES;
				CLANG_WARN_OBJC_ROOT_CLASS = YES_ERROR;
				CLANG_WARN_QUOTED_INCLUDE_IN_FRAMEWORK_HEADER = YES;
				CLANG_WARN_RANGE_LOOP_ANALYSIS = YES;
				CLANG_WARN_STRICT_PROTOTYPES = YES;
				CLANG_WARN_SUSPICIOUS_MOVE = YES;
				CLANG_WARN_UNGUARDED_AVAILABILITY = YES_AGGRESSIVE;
				CLANG_WARN_UNREACHABLE_CODE = YES;
				CLANG_WARN__DUPLICATE_METHOD_MATCH = YES;
				COPY_PHASE_STRIP = NO;
				DEBUG_INFORMATION_FORMAT = dwarf;
				ENABLE_STRICT_OBJC_MSGSEND = YES;
				ENABLE_TESTABILITY = YES;
				GCC_C_LANGUAGE_STANDARD = gnu11;
				GCC_DYNAMIC_NO_PIC = NO;
				GCC_NO_COMMON_BLOCKS = YES;
				GCC_OPTIMIZATION_LEVEL = 0;
				GCC_PREPROCESSOR_DEFINITIONS = (
					"$(inherited)",
					"DEBUG=1",
				);
				GCC_WARN_64_TO_32_BIT_CONVERSION = YES;
				GCC_WARN_ABOUT_RETURN_TYPE = YES_ERROR;
				GCC_WARN_UNDECLARED_SELECTOR = YES;
				GCC_WARN_UNINITIALIZED_AUTOS = YES_AGGRESSIVE;
				GCC_WARN_UNUSED_FUNCTION = YES;
				GCC_WARN_UNUSED_VARIABLE = YES;
				MACOSX_DEPLOYMENT_TARGET = 11.0;
				MTL_ENABLE_DEBUG_INFO = INCLUDE_SOURCE;
				MTL_FAST_MATH = YES;
				ONLY_ACTIVE_ARCH = YES;
				PRODUCT_NAME = "$(TARGET_NAME)";
				SDKROOT = macosx;
				SWIFT_ACTIVE_COMPILATION_CONDITIONS = DEBUG;
				SWIFT_OPTIMIZATION_LEVEL = "-Onone";
				SWIFT_VERSION = 5.10;
			};
			name = Debug;
		};
		597730BBF00251E341258912 /* Release */ = {
			isa = XCBuildConfiguration;
			buildSettings = {
				ASSETCATALOG_COMPILER_APPICON_NAME = AppIcon;
				CODE_SIGN_ENTITLEMENTS = FileHound/FileHound.entitlements;
				COMBINE_HIDPI_IMAGES = YES;
				GENERATE_INFOPLIST_FILE = YES;
				INFOPLIST_KEY_NSMainStoryboardFile = "";
				INFOPLIST_KEY_NSPrincipalClass = NSApplication;
				LD_RUNPATH_SEARCH_PATHS = (
					"$(inherited)",
					"@executable_path/../Frameworks",
				);
				PRODUCT_BUNDLE_IDENTIFIER = cn.vanjay.FileHound;
				SDKROOT = macosx;
				SWIFT_ACTIVE_COMPILATION_CONDITIONS = "$(inherited) SPARKLE_ENABLED";
				SWIFT_VERSION = 5.10;
			};
			name = Release;
		};
		741981153B9B35432342093A /* Debug */ = {
			isa = XCBuildConfiguration;
			buildSettings = {
				CODE_SIGN_ENTITLEMENTS = FileHoundHelper/FileHoundHelper.entitlements;
				COMBINE_HIDPI_IMAGES = YES;
				GENERATE_INFOPLIST_FILE = YES;
				LD_RUNPATH_SEARCH_PATHS = (
					"$(inherited)",
					"@executable_path/../Frameworks",
				);
				PRODUCT_BUNDLE_IDENTIFIER = cn.vanjay.FileHoundHelper;
				SDKROOT = macosx;
				SWIFT_VERSION = 5.10;
			};
			name = Debug;
		};
		7A214A881285AD74FA77D08D /* Release */ = {
			isa = XCBuildConfiguration;
			buildSettings = {
				ALWAYS_SEARCH_USER_PATHS = NO;
				CLANG_ANALYZER_NONNULL = YES;
				CLANG_ANALYZER_NUMBER_OBJECT_CONVERSION = YES_AGGRESSIVE;
				CLANG_CXX_LANGUAGE_STANDARD = "gnu++14";
				CLANG_CXX_LIBRARY = "libc++";
				CLANG_ENABLE_MODULES = YES;
				CLANG_ENABLE_OBJC_ARC = YES;
				CLANG_ENABLE_OBJC_WEAK = YES;
				CLANG_WARN_BLOCK_CAPTURE_AUTORELEASING = YES;
				CLANG_WARN_BOOL_CONVERSION = YES;
				CLANG_WARN_COMMA = YES;
				CLANG_WARN_CONSTANT_CONVERSION = YES;
				CLANG_WARN_DEPRECATED_OBJC_IMPLEMENTATIONS = YES;
				CLANG_WARN_DIRECT_OBJC_ISA_USAGE = YES_ERROR;
				CLANG_WARN_DOCUMENTATION_COMMENTS = YES;
				CLANG_WARN_EMPTY_BODY = YES;
				CLANG_WARN_ENUM_CONVERSION = YES;
				CLANG_WARN_INFINITE_RECURSION = YES;
				CLANG_WARN_INT_CONVERSION = YES;
				CLANG_WARN_NON_LITERAL_NULL_CONVERSION = YES;
				CLANG_WARN_OBJC_IMPLICIT_RETAIN_SELF = YES;
				CLANG_WARN_OBJC_LITERAL_CONVERSION = YES;
				CLANG_WARN_OBJC_ROOT_CLASS = YES_ERROR;
				CLANG_WARN_QUOTED_INCLUDE_IN_FRAMEWORK_HEADER = YES;
				CLANG_WARN_RANGE_LOOP_ANALYSIS = YES;
				CLANG_WARN_STRICT_PROTOTYPES = YES;
				CLANG_WARN_SUSPICIOUS_MOVE = YES;
				CLANG_WARN_UNGUARDED_AVAILABILITY = YES_AGGRESSIVE;
				CLANG_WARN_UNREACHABLE_CODE = YES;
				CLANG_WARN__DUPLICATE_METHOD_MATCH = YES;
				COPY_PHASE_STRIP = NO;
				DEBUG_INFORMATION_FORMAT = "dwarf-with-dsym";
				ENABLE_NS_ASSERTIONS = NO;
				ENABLE_STRICT_OBJC_MSGSEND = YES;
				GCC_C_LANGUAGE_STANDARD = gnu11;
				GCC_NO_COMMON_BLOCKS = YES;
				GCC_WARN_64_TO_32_BIT_CONVERSION = YES;
				GCC_WARN_ABOUT_RETURN_TYPE = YES_ERROR;
				GCC_WARN_UNDECLARED_SELECTOR = YES;
				GCC_WARN_UNINITIALIZED_AUTOS = YES_AGGRESSIVE;
				GCC_WARN_UNUSED_FUNCTION = YES;
				GCC_WARN_UNUSED_VARIABLE = YES;
				MACOSX_DEPLOYMENT_TARGET = 11.0;
				MTL_ENABLE_DEBUG_INFO = NO;
				MTL_FAST_MATH = YES;
				PRODUCT_NAME = "$(TARGET_NAME)";
				SDKROOT = macosx;
				SWIFT_COMPILATION_MODE = wholemodule;
				SWIFT_OPTIMIZATION_LEVEL = "-O";
				SWIFT_VERSION = 5.10;
			};
			name = Release;
		};
		8143B657D56181E13D0B5F84 /* Release */ = {
			isa = XCBuildConfiguration;
			buildSettings = {
				CODE_SIGN_ENTITLEMENTS = FileHoundHelper/FileHoundHelper.entitlements;
				COMBINE_HIDPI_IMAGES = YES;
				GENERATE_INFOPLIST_FILE = YES;
				LD_RUNPATH_SEARCH_PATHS = (
					"$(inherited)",
					"@executable_path/../Frameworks",
				);
				PRODUCT_BUNDLE_IDENTIFIER = cn.vanjay.FileHoundHelper;
				SDKROOT = macosx;
				SWIFT_VERSION = 5.10;
			};
			name = Release;
		};
		C51E38BE40D484B68E6061A5 /* Debug */ = {
			isa = XCBuildConfiguration;
			buildSettings = {
				ASSETCATALOG_COMPILER_APPICON_NAME = AppIcon;
				CODE_SIGN_ENTITLEMENTS = FileHound/FileHound.entitlements;
				COMBINE_HIDPI_IMAGES = YES;
				GENERATE_INFOPLIST_FILE = YES;
				INFOPLIST_KEY_NSMainStoryboardFile = "";
				INFOPLIST_KEY_NSPrincipalClass = NSApplication;
				LD_RUNPATH_SEARCH_PATHS = (
					"$(inherited)",
					"@executable_path/../Frameworks",
				);
				PRODUCT_BUNDLE_IDENTIFIER = cn.vanjay.FileHound;
				SDKROOT = macosx;
				SWIFT_ACTIVE_COMPILATION_CONDITIONS = "$(inherited) SPARKLE_ENABLED";
				SWIFT_VERSION = 5.10;
			};
			name = Debug;
		};
/* End XCBuildConfiguration section */

/* Begin XCConfigurationList section */
		041AF0153475EEF854F6FF01 /* Build configuration list for PBXNativeTarget "FileHoundTests" */ = {
			isa = XCConfigurationList;
			buildConfigurations = (
				35E1FD3CF4163599C11F08EA /* Debug */,
				23536EEED3B393418C9BB104 /* Release */,
			);
			defaultConfigurationIsVisible = 0;
			defaultConfigurationName = Debug;
		};
		3B5D5CE2CF42A2654A504DBF /* Build configuration list for PBXNativeTarget "FileHoundHelper" */ = {
			isa = XCConfigurationList;
			buildConfigurations = (
				741981153B9B35432342093A /* Debug */,
				8143B657D56181E13D0B5F84 /* Release */,
			);
			defaultConfigurationIsVisible = 0;
			defaultConfigurationName = Debug;
		};
		5EA85937E6E45C81F554C484 /* Build configuration list for PBXNativeTarget "FileHoundUITests" */ = {
			isa = XCConfigurationList;
			buildConfigurations = (
				2C64174E238E2843B7A98A61 /* Debug */,
				20B2F0EDFB05F372A9F1AEDB /* Release */,
			);
			defaultConfigurationIsVisible = 0;
			defaultConfigurationName = Debug;
		};
		D9B9D42FB7B7C070CFFA773A /* Build configuration list for PBXNativeTarget "FileHound" */ = {
			isa = XCConfigurationList;
			buildConfigurations = (
				C51E38BE40D484B68E6061A5 /* Debug */,
				597730BBF00251E341258912 /* Release */,
			);
			defaultConfigurationIsVisible = 0;
			defaultConfigurationName = Debug;
		};
		E0D5E1C8A33235421AEC2203 /* Build configuration list for PBXProject "FileHound" */ = {
			isa = XCConfigurationList;
			buildConfigurations = (
				48ECB57602E79C615269722C /* Debug */,
				7A214A881285AD74FA77D08D /* Release */,
			);
			defaultConfigurationIsVisible = 0;
			defaultConfigurationName = Debug;
		};
/* End XCConfigurationList section */

/* Begin XCRemoteSwiftPackageReference section */
		037E00163304228D8CCFA7FA /* XCRemoteSwiftPackageReference "MMKV" */ = {
			isa = XCRemoteSwiftPackageReference;
			repositoryURL = "https://github.com/Tencent/MMKV";
			requirement = {
				kind = upToNextMajorVersion;
				minimumVersion = 2.2.4;
			};
		};
		563D02851684A0BB74009C03 /* XCRemoteSwiftPackageReference "SnapKit" */ = {
			isa = XCRemoteSwiftPackageReference;
			repositoryURL = "https://github.com/SnapKit/SnapKit";
			requirement = {
				kind = upToNextMajorVersion;
				minimumVersion = 5.7.1;
			};
		};
		767DAFB0D45D2084B0838064 /* XCRemoteSwiftPackageReference "Sparkle" */ = {
			isa = XCRemoteSwiftPackageReference;
			repositoryURL = "https://github.com/sparkle-project/Sparkle";
			requirement = {
				kind = upToNextMajorVersion;
				minimumVersion = 2.8.1;
			};
		};
/* End XCRemoteSwiftPackageReference section */

/* Begin XCSwiftPackageProductDependency section */
		40658B17A939918CAC9F2285 /* Sparkle */ = {
			isa = XCSwiftPackageProductDependency;
			package = 767DAFB0D45D2084B0838064 /* XCRemoteSwiftPackageReference "Sparkle" */;
			productName = Sparkle;
		};
		584CCAD5BE12E3035F5B2176 /* SnapKit */ = {
			isa = XCSwiftPackageProductDependency;
			package = 563D02851684A0BB74009C03 /* XCRemoteSwiftPackageReference "SnapKit" */;
			productName = SnapKit;
		};
		63D15AD2E30CCCB256F247EA /* MMKV */ = {
			isa = XCSwiftPackageProductDependency;
			package = 037E00163304228D8CCFA7FA /* XCRemoteSwiftPackageReference "MMKV" */;
			productName = MMKV;
		};
/* End XCSwiftPackageProductDependency section */
	};
	rootObject = 8B33FB88648DF7E4CA06F98D /* Project object */;
}
